
Microsoft Visual Studio Solution File, Format Version 12.00
# Visual Studio Version 17
VisualStudioVersion = 17.14.36518.9
MinimumVisualStudioVersion = 10.0.40219.1
Project("{FAE04EC0-301F-11D3-BF4B-00C04F79EFBC}") = "WindowsFormsApp2", "WindowsFormsApp2\WindowsFormsApp2.csproj", "{A6D0A2FB-FAF0-4E05-9EB2-993956ECB811}"
EndProject
Project("{FAE04EC0-301F-11D3-BF4B-00C04F79EFBC}") = "MasterPolApp.Tests", "MasterPolApp.Tests\MasterPolApp.Tests.csproj", "{AF617F7B-43F6-4BFC-BBA3-389DACC9E1BC}"
EndProject
Global
	GlobalSection(SolutionConfigurationPlatforms) = preSolution
		Debug|Any CPU = Debug|Any CPU
		Release|Any CPU = Release|Any CPU
	EndGlobalSection
	GlobalSection(ProjectConfigurationPlatforms) = postSolution
		{A6D0A2FB-FAF0-4E05-9EB2-993956ECB811}.Debug|Any CPU.ActiveCfg = Debug|Any CPU
		{A6D0A2FB-FAF0-4E05-9EB2-993956ECB811}.Debug|Any CPU.Build.0 = Debug|Any CPU
		{A6D0A2FB-FAF0-4E05-9EB2-993956ECB811}.Release|Any CPU.ActiveCfg = Release|Any CPU
		{A6D0A2FB-FAF0-4E05-9EB2-993956ECB811}.Release|Any CPU.Build.0 = Release|Any CPU
		{AF617F7B-43F6-4BFC-BBA3-389DACC9E1BC}.Debug|Any CPU.ActiveCfg = Debug|Any CPU
		{AF617F7B-43F6-4BFC-BBA3-389DACC9E1BC}.Debug|Any CPU.Build.0 = Debug|Any CPU
		{AF617F7B-43F6-4BFC-BBA3-389DACC9E1BC}.Release|Any CPU.ActiveCfg = Release|Any CPU
		{AF617F7B-43F6-4BFC-BBA3-389DACC9E1BC}.Release|Any CPU.Build.0 = Release|Any CPU
	EndGlobalSection
	GlobalSection(SolutionProperties) = preSolution
		HideSolutionNode = FALSE
	EndGlobalSection
	GlobalSection(ExtensibilityGlobals) = postSolution
		SolutionGuid = {D43DD98D-429E-4D2A-9F42-350D0F5CBF87}
	EndGlobalSection
EndGlobal
